
Microsoft Visual Studio Solution File, Format Version 12.00
# Visual Studio Version 16
VisualStudioVersion = 16.0.32228.343
MinimumVisualStudioVersion = 10.0.40219.1
Project("{FAE04EC0-301F-11D3-BF4B-00C04F79EFBC}") = "Entities", "Entities\Entities.csproj", "{7FAB9D85-CFE4-46C4-9C92-01B0ACA644E9}"
EndProject
Project("{FAE04EC0-301F-11D3-BF4B-00C04F79EFBC}") = "DataAccess", "DataAccess\DataAccess.csproj", "{76925723-9069-4BCC-91CA-2626A5D4542E}"
EndProject
Project("{FAE04EC0-301F-11D3-BF4B-00C04F79EFBC}") = "Business", "Business\Business.csproj", "{FEC87F43-3C6C-491A-B51B-0031736B2923}"
EndProject
Project("{FAE04EC0-301F-11D3-BF4B-00C04F79EFBC}") = "Core", "Core\Core.csproj", "{2542F9BF-07DD-4905-B992-E72D140E0F00}"
EndProject
Project("{FAE04EC0-301F-11D3-BF4B-00C04F79EFBC}") = "WebAPI", "WebAPI\WebAPI.csproj", "{EA40BFF9-761F-4624-A050-09EBB1096E49}"
EndProject
Global
	GlobalSection(SolutionConfigurationPlatforms) = preSolution
		Debug|Any CPU = Debug|Any CPU
		Release|Any CPU = Release|Any CPU
	EndGlobalSection
	GlobalSection(ProjectConfigurationPlatforms) = postSolution
		{7FAB9D85-CFE4-46C4-9C92-01B0ACA644E9}.Debug|Any CPU.ActiveCfg = Debug|Any CPU
		{7FAB9D85-CFE4-46C4-9C92-01B0ACA644E9}.Debug|Any CPU.Build.0 = Debug|Any CPU
		{7FAB9D85-CFE4-46C4-9C92-01B0ACA644E9}.Release|Any CPU.ActiveCfg = Release|Any CPU
		{7FAB9D85-CFE4-46C4-9C92-01B0ACA644E9}.Release|Any CPU.Build.0 = Release|Any CPU
		{76925723-9069-4BCC-91CA-2626A5D4542E}.Debug|Any CPU.ActiveCfg = Debug|Any CPU
		{76925723-9069-4BCC-91CA-2626A5D4542E}.Debug|Any CPU.Build.0 = Debug|Any CPU
		{76925723-9069-4BCC-91CA-2626A5D4542E}.Release|Any CPU.ActiveCfg = Release|Any CPU
		{76925723-9069-4BCC-91CA-2626A5D4542E}.Release|Any CPU.Build.0 = Release|Any CPU
		{FEC87F43-3C6C-491A-B51B-0031736B2923}.Debug|Any CPU.ActiveCfg = Debug|Any CPU
		{FEC87F43-3C6C-491A-B51B-0031736B2923}.Debug|Any CPU.Build.0 = Debug|Any CPU
		{FEC87F43-3C6C-491A-B51B-0031736B2923}.Release|Any CPU.ActiveCfg = Release|Any CPU
		{FEC87F43-3C6C-491A-B51B-0031736B2923}.Release|Any CPU.Build.0 = Release|Any CPU
		{2542F9BF-07DD-4905-B992-E72D140E0F00}.Debug|Any CPU.ActiveCfg = Debug|Any CPU
		{2542F9BF-07DD-4905-B992-E72D140E0F00}.Debug|Any CPU.Build.0 = Debug|Any CPU
		{2542F9BF-07DD-4905-B992-E72D140E0F00}.Release|Any CPU.ActiveCfg = Release|Any CPU
		{2542F9BF-07DD-4905-B992-E72D140E0F00}.Release|Any CPU.Build.0 = Release|Any CPU
		{EA40BFF9-761F-4624-A050-09EBB1096E49}.Debug|Any CPU.ActiveCfg = Debug|Any CPU
		{EA40BFF9-761F-4624-A050-09EBB1096E49}.Debug|Any CPU.Build.0 = Debug|Any CPU
		{EA40BFF9-761F-4624-A050-09EBB1096E49}.Release|Any CPU.ActiveCfg = Release|Any CPU
		{EA40BFF9-761F-4624-A050-09EBB1096E49}.Release|Any CPU.Build.0 = Release|Any CPU
	EndGlobalSection
	GlobalSection(SolutionProperties) = preSolution
		HideSolutionNode = FALSE
	EndGlobalSection
	GlobalSection(ExtensibilityGlobals) = postSolution
		SolutionGuid = {DFE08D1E-4D89-4DB4-8A50-3BFB26E66456}
	EndGlobalSection
EndGlobal
